
Microsoft Visual Studio Solution File, Format Version 12.00
# Visual Studio Version 17
VisualStudioVersion = 17.0.32126.317
MinimumVisualStudioVersion = 10.0.40219.1
Project("{9A19103F-16F7-4668-BE54-9A1E7A4F7556}") = "ExDataTypes", "ExDataTypes\ExDataTypes.csproj", "{BF291AC1-8EC5-4875-8266-032E2CEE0B66}"
EndProject
Project("{FAE04EC0-301F-11D3-BF4B-00C04F79EFBC}") = "ExDataTypes.Web", "ExDataTypes.Web\ExDataTypes.Web.csproj", "{7A58294F-4133-4C46-A4AA-A8C49C5F97A5}"
EndProject
Global
	GlobalSection(SolutionConfigurationPlatforms) = preSolution
		Debug|Any CPU = Debug|Any CPU
		Release|Any CPU = Release|Any CPU
	EndGlobalSection
	GlobalSection(ProjectConfigurationPlatforms) = postSolution
		{BF291AC1-8EC5-4875-8266-032E2CEE0B66}.Debug|Any CPU.ActiveCfg = Debug|Any CPU
		{BF291AC1-8EC5-4875-8266-032E2CEE0B66}.Debug|Any CPU.Build.0 = Debug|Any CPU
		{BF291AC1-8EC5-4875-8266-032E2CEE0B66}.Release|Any CPU.ActiveCfg = Release|Any CPU
		{BF291AC1-8EC5-4875-8266-032E2CEE0B66}.Release|Any CPU.Build.0 = Release|Any CPU
		{7A58294F-4133-4C46-A4AA-A8C49C5F97A5}.Debug|Any CPU.ActiveCfg = Debug|Any CPU
		{7A58294F-4133-4C46-A4AA-A8C49C5F97A5}.Debug|Any CPU.Build.0 = Debug|Any CPU
		{7A58294F-4133-4C46-A4AA-A8C49C5F97A5}.Release|Any CPU.ActiveCfg = Release|Any CPU
		{7A58294F-4133-4C46-A4AA-A8C49C5F97A5}.Release|Any CPU.Build.0 = Release|Any CPU
	EndGlobalSection
	GlobalSection(SolutionProperties) = preSolution
		HideSolutionNode = FALSE
	EndGlobalSection
	GlobalSection(ExtensibilityGlobals) = postSolution
		SolutionGuid = {A6C3B939-09DD-46FA-97B3-5532684E4175}
	EndGlobalSection
EndGlobal
